
Microsoft Visual Studio Solution File, Format Version 12.00
# Visual Studio 15
VisualStudioVersion = 15.0.28010.2048
MinimumVisualStudioVersion = 10.0.40219.1
Project("{9A19103F-16F7-4668-BE54-9A1E7A4F7556}") = "UnitTestingSamples", "UnitTestingSamples\UnitTestingSamples.csproj", "{85125164-EED4-42CB-AA57-CCD0A97832AA}"
EndProject
Project("{9A19103F-16F7-4668-BE54-9A1E7A4F7556}") = "UnitTestingSamples.MSTests", "UnitTestingSamples.MSTests\UnitTestingSamples.MSTests.csproj", "{583A1987-B3D3-4836-A337-507B6C66D0FC}"
EndProject
Project("{9A19103F-16F7-4668-BE54-9A1E7A4F7556}") = "UnitTestingSamples.xUnit.Tests", "UnitTestingSamples.xUnit.Tests\UnitTestingSamples.xUnit.Tests.csproj", "{6E49EAD4-9351-4D43-84EF-005461BC0FA3}"
EndProject
Project("{2150E333-8FDC-42A3-9474-1A3956D46DE8}") = "UnitTestingSamples", "UnitTestingSamples", "{EA77E0EB-3206-479C-ADD1-CC4B0D4C8283}"
EndProject
Project("{2150E333-8FDC-42A3-9474-1A3956D46DE8}") = "MockingSamples", "MockingSamples", "{07ED7E39-48FC-404E-BB82-0407F00B91B1}"
EndProject
Project("{9A19103F-16F7-4668-BE54-9A1E7A4F7556}") = "BooksLib", "BooksLib\BooksLib.csproj", "{024478B3-81A2-4CAF-ACEA-2E4097FC4518}"
EndProject
Project("{FAE04EC0-301F-11D3-BF4B-00C04F79EFBC}") = "BooksLib.Tests", "BooksLib.Tests\BooksLib.Tests.csproj", "{469C9CA3-03F7-453D-9F03-4D8052755E33}"
EndProject
Project("{2150E333-8FDC-42A3-9474-1A3956D46DE8}") = "EFCoreSamples", "EFCoreSamples", "{6320DAD2-401F-4666-B14B-F4FFF208BD63}"
EndProject
Project("{FAE04EC0-301F-11D3-BF4B-00C04F79EFBC}") = "EFCoreSample", "EFCoreSample\EFCoreSample.csproj", "{C1B1E0E3-4E65-44CF-9680-23FE91B062B0}"
EndProject
Project("{FAE04EC0-301F-11D3-BF4B-00C04F79EFBC}") = "EFCoreSample.Tests", "EFCoreSample.Tests\EFCoreSample.Tests.csproj", "{2EBDE833-4F1B-4779-8A6D-7CA7A2EA36D9}"
EndProject
Project("{2150E333-8FDC-42A3-9474-1A3956D46DE8}") = "ASPNETCoreSamples", "ASPNETCoreSamples", "{6CFF7668-9DEE-48F0-92B4-EA90A372C29F}"
EndProject
Project("{FAE04EC0-301F-11D3-BF4B-00C04F79EFBC}") = "ASPNETCoreSample", "ASPNETCoreSample\ASPNETCoreSample.csproj", "{B46F6DB7-FE9D-467A-9F24-3CF499642184}"
EndProject
Project("{FAE04EC0-301F-11D3-BF4B-00C04F79EFBC}") = "ASPNETCoreSample.IntegrationTest", "ASPNETCoreSample.IntegrationTest\ASPNETCoreSample.IntegrationTest.csproj", "{44FA14B0-7B19-4B18-859A-251DA86D4255}"
EndProject
Global
	GlobalSection(SolutionConfigurationPlatforms) = preSolution
		Debug|Any CPU = Debug|Any CPU
		Release|Any CPU = Release|Any CPU
	EndGlobalSection
	GlobalSection(ProjectConfigurationPlatforms) = postSolution
		{85125164-EED4-42CB-AA57-CCD0A97832AA}.Debug|Any CPU.ActiveCfg = Debug|Any CPU
		{85125164-EED4-42CB-AA57-CCD0A97832AA}.Debug|Any CPU.Build.0 = Debug|Any CPU
		{85125164-EED4-42CB-AA57-CCD0A97832AA}.Release|Any CPU.ActiveCfg = Release|Any CPU
		{85125164-EED4-42CB-AA57-CCD0A97832AA}.Release|Any CPU.Build.0 = Release|Any CPU
		{583A1987-B3D3-4836-A337-507B6C66D0FC}.Debug|Any CPU.ActiveCfg = Debug|Any CPU
		{583A1987-B3D3-4836-A337-507B6C66D0FC}.Debug|Any CPU.Build.0 = Debug|Any CPU
		{583A1987-B3D3-4836-A337-507B6C66D0FC}.Release|Any CPU.ActiveCfg = Release|Any CPU
		{583A1987-B3D3-4836-A337-507B6C66D0FC}.Release|Any CPU.Build.0 = Release|Any CPU
		{6E49EAD4-9351-4D43-84EF-005461BC0FA3}.Debug|Any CPU.ActiveCfg = Debug|Any CPU
		{6E49EAD4-9351-4D43-84EF-005461BC0FA3}.Debug|Any CPU.Build.0 = Debug|Any CPU
		{6E49EAD4-9351-4D43-84EF-005461BC0FA3}.Release|Any CPU.ActiveCfg = Release|Any CPU
		{6E49EAD4-9351-4D43-84EF-005461BC0FA3}.Release|Any CPU.Build.0 = Release|Any CPU
		{024478B3-81A2-4CAF-ACEA-2E4097FC4518}.Debug|Any CPU.ActiveCfg = Debug|Any CPU
		{024478B3-81A2-4CAF-ACEA-2E4097FC4518}.Debug|Any CPU.Build.0 = Debug|Any CPU
		{024478B3-81A2-4CAF-ACEA-2E4097FC4518}.Release|Any CPU.ActiveCfg = Release|Any CPU
		{024478B3-81A2-4CAF-ACEA-2E4097FC4518}.Release|Any CPU.Build.0 = Release|Any CPU
		{469C9CA3-03F7-453D-9F03-4D8052755E33}.Debug|Any CPU.ActiveCfg = Debug|Any CPU
		{469C9CA3-03F7-453D-9F03-4D8052755E33}.Debug|Any CPU.Build.0 = Debug|Any CPU
		{469C9CA3-03F7-453D-9F03-4D8052755E33}.Release|Any CPU.ActiveCfg = Release|Any CPU
		{469C9CA3-03F7-453D-9F03-4D8052755E33}.Release|Any CPU.Build.0 = Release|Any CPU
		{C1B1E0E3-4E65-44CF-9680-23FE91B062B0}.Debug|Any CPU.ActiveCfg = Debug|Any CPU
		{C1B1E0E3-4E65-44CF-9680-23FE91B062B0}.Debug|Any CPU.Build.0 = Debug|Any CPU
		{C1B1E0E3-4E65-44CF-9680-23FE91B062B0}.Release|Any CPU.ActiveCfg = Release|Any CPU
		{C1B1E0E3-4E65-44CF-9680-23FE91B062B0}.Release|Any CPU.Build.0 = Release|Any CPU
		{2EBDE833-4F1B-4779-8A6D-7CA7A2EA36D9}.Debug|Any CPU.ActiveCfg = Debug|Any CPU
		{2EBDE833-4F1B-4779-8A6D-7CA7A2EA36D9}.Debug|Any CPU.Build.0 = Debug|Any CPU
		{2EBDE833-4F1B-4779-8A6D-7CA7A2EA36D9}.Release|Any CPU.ActiveCfg = Release|Any CPU
		{2EBDE833-4F1B-4779-8A6D-7CA7A2EA36D9}.Release|Any CPU.Build.0 = Release|Any CPU
		{B46F6DB7-FE9D-467A-9F24-3CF499642184}.Debug|Any CPU.ActiveCfg = Debug|Any CPU
		{B46F6DB7-FE9D-467A-9F24-3CF499642184}.Debug|Any CPU.Build.0 = Debug|Any CPU
		{B46F6DB7-FE9D-467A-9F24-3CF499642184}.Release|Any CPU.ActiveCfg = Release|Any CPU
		{B46F6DB7-FE9D-467A-9F24-3CF499642184}.Release|Any CPU.Build.0 = Release|Any CPU
		{44FA14B0-7B19-4B18-859A-251DA86D4255}.Debug|Any CPU.ActiveCfg = Debug|Any CPU
		{44FA14B0-7B19-4B18-859A-251DA86D4255}.Debug|Any CPU.Build.0 = Debug|Any CPU
		{44FA14B0-7B19-4B18-859A-251DA86D4255}.Release|Any CPU.ActiveCfg = Release|Any CPU
		{44FA14B0-7B19-4B18-859A-251DA86D4255}.Release|Any CPU.Build.0 = Release|Any CPU
	EndGlobalSection
	GlobalSection(SolutionProperties) = preSolution
		HideSolutionNode = FALSE
	EndGlobalSection
	GlobalSection(NestedProjects) = preSolution
		{85125164-EED4-42CB-AA57-CCD0A97832AA} = {EA77E0EB-3206-479C-ADD1-CC4B0D4C8283}
		{583A1987-B3D3-4836-A337-507B6C66D0FC} = {EA77E0EB-3206-479C-ADD1-CC4B0D4C8283}
		{6E49EAD4-9351-4D43-84EF-005461BC0FA3} = {EA77E0EB-3206-479C-ADD1-CC4B0D4C8283}
		{024478B3-81A2-4CAF-ACEA-2E4097FC4518} = {07ED7E39-48FC-404E-BB82-0407F00B91B1}
		{469C9CA3-03F7-453D-9F03-4D8052755E33} = {07ED7E39-48FC-404E-BB82-0407F00B91B1}
		{C1B1E0E3-4E65-44CF-9680-23FE91B062B0} = {6320DAD2-401F-4666-B14B-F4FFF208BD63}
		{2EBDE833-4F1B-4779-8A6D-7CA7A2EA36D9} = {6320DAD2-401F-4666-B14B-F4FFF208BD63}
		{B46F6DB7-FE9D-467A-9F24-3CF499642184} = {6CFF7668-9DEE-48F0-92B4-EA90A372C29F}
		{44FA14B0-7B19-4B18-859A-251DA86D4255} = {6CFF7668-9DEE-48F0-92B4-EA90A372C29F}
	EndGlobalSection
	GlobalSection(ExtensibilityGlobals) = postSolution
		SolutionGuid = {4AFDC949-94F9-4F68-A2A9-19BD2013C395}
	EndGlobalSection
EndGlobal
