
Microsoft Visual Studio Solution File, Format Version 12.00
# Visual Studio 15
VisualStudioVersion = 15.0.28010.2048
MinimumVisualStudioVersion = 10.0.40219.1
Project("{FAE04EC0-301F-11D3-BF4B-00C04F79EFBC}") = "UnitTestingSamples", "UnitTestingSamples\UnitTestingSamples.csproj", "{85125164-EED4-42CB-AA57-CCD0A97832AA}"
EndProject
Project("{FAE04EC0-301F-11D3-BF4B-00C04F79EFBC}") = "UnitTestingSamples.MSTests", "UnitTestingSamples.MSTests\UnitTestingSamples.MSTests.csproj", "{583A1987-B3D3-4836-A337-507B6C66D0FC}"
EndProject
Project("{FAE04EC0-301F-11D3-BF4B-00C04F79EFBC}") = "UnitTestingSamples.xUnit.Tests", "UnitTestingSamples.xUnit.Tests\UnitTestingSamples.xUnit.Tests.csproj", "{6E49EAD4-9351-4D43-84EF-005461BC0FA3}"
EndProject
Global
	GlobalSection(SolutionConfigurationPlatforms) = preSolution
		Debug|Any CPU = Debug|Any CPU
		Release|Any CPU = Release|Any CPU
	EndGlobalSection
	GlobalSection(ProjectConfigurationPlatforms) = postSolution
		{85125164-EED4-42CB-AA57-CCD0A97832AA}.Debug|Any CPU.ActiveCfg = Debug|Any CPU
		{85125164-EED4-42CB-AA57-CCD0A97832AA}.Debug|Any CPU.Build.0 = Debug|Any CPU
		{85125164-EED4-42CB-AA57-CCD0A97832AA}.Release|Any CPU.ActiveCfg = Release|Any CPU
		{85125164-EED4-42CB-AA57-CCD0A97832AA}.Release|Any CPU.Build.0 = Release|Any CPU
		{583A1987-B3D3-4836-A337-507B6C66D0FC}.Debug|Any CPU.ActiveCfg = Debug|Any CPU
		{583A1987-B3D3-4836-A337-507B6C66D0FC}.Debug|Any CPU.Build.0 = Debug|Any CPU
		{583A1987-B3D3-4836-A337-507B6C66D0FC}.Release|Any CPU.ActiveCfg = Release|Any CPU
		{583A1987-B3D3-4836-A337-507B6C66D0FC}.Release|Any CPU.Build.0 = Release|Any CPU
		{6E49EAD4-9351-4D43-84EF-005461BC0FA3}.Debug|Any CPU.ActiveCfg = Debug|Any CPU
		{6E49EAD4-9351-4D43-84EF-005461BC0FA3}.Debug|Any CPU.Build.0 = Debug|Any CPU
		{6E49EAD4-9351-4D43-84EF-005461BC0FA3}.Release|Any CPU.ActiveCfg = Release|Any CPU
		{6E49EAD4-9351-4D43-84EF-005461BC0FA3}.Release|Any CPU.Build.0 = Release|Any CPU
	EndGlobalSection
	GlobalSection(SolutionProperties) = preSolution
		HideSolutionNode = FALSE
	EndGlobalSection
	GlobalSection(ExtensibilityGlobals) = postSolution
		SolutionGuid = {4AFDC949-94F9-4F68-A2A9-19BD2013C395}
	EndGlobalSection
EndGlobal
